
Microsoft Visual Studio Solution File, Format Version 12.00
# Visual Studio Version 16
VisualStudioVersion = 16.0.29920.165
MinimumVisualStudioVersion = 10.0.40219.1
Project("{888888A0-9F3D-457C-B088-3A5042F75D52}") = "ai 2020", "ai 2020.pyproj", "{9CC0173A-FF57-4F42-A2EA-EEEEBC2DFD1C}"
EndProject
Global
	GlobalSection(SolutionConfigurationPlatforms) = preSolution
		Debug|Any CPU = Debug|Any CPU
		Release|Any CPU = Release|Any CPU
	EndGlobalSection
	GlobalSection(ProjectConfigurationPlatforms) = postSolution
		{9CC0173A-FF57-4F42-A2EA-EEEEBC2DFD1C}.Debug|Any CPU.ActiveCfg = Debug|Any CPU
		{9CC0173A-FF57-4F42-A2EA-EEEEBC2DFD1C}.Release|Any CPU.ActiveCfg = Release|Any CPU
	EndGlobalSection
	GlobalSection(SolutionProperties) = preSolution
		HideSolutionNode = FALSE
	EndGlobalSection
	GlobalSection(ExtensibilityGlobals) = postSolution
		SolutionGuid = {093BC571-E5D7-4CE5-9324-DEF58A0BB61E}
	EndGlobalSection
EndGlobal
